
Microsoft Visual Studio Solution File, Format Version 12.00
# Visual Studio Version 17
VisualStudioVersion = 17.2.32616.157
MinimumVisualStudioVersion = 10.0.40219.1
Project("{9A19103F-16F7-4668-BE54-9A1E7A4F7556}") = "EntityLayer", "EntityLayer\EntityLayer.csproj", "{B877D4A8-1ADF-40C0-BA97-47D22550C0A7}"
EndProject
Project("{9A19103F-16F7-4668-BE54-9A1E7A4F7556}") = "BusinessLayer", "BusinessLayer\BusinessLayer.csproj", "{84C44E25-7A4A-4274-AEB8-AD4BBDC03864}"
EndProject
Project("{9A19103F-16F7-4668-BE54-9A1E7A4F7556}") = "CommonLibrary", "CommonLibrary\CommonLibrary.csproj", "{1E3E9D12-0348-4E7D-8966-F7F1E93398A3}"
EndProject
Project("{9A19103F-16F7-4668-BE54-9A1E7A4F7556}") = "LawyerSite.Web", "LawyerSite.Web\LawyerSite.Web.csproj", "{AC8020B2-AA03-44DD-9C66-0DA1A6301635}"
EndProject
Project("{2150E333-8FDC-42A3-9474-1A3956D46DE8}") = ".github", ".github", "{EB0C34D5-0A2A-455E-98C1-F660CEBDD3B0}"
EndProject
Project("{2150E333-8FDC-42A3-9474-1A3956D46DE8}") = "workflows", "workflows", "{B9FFB8D8-81AC-443E-8064-B02BB19EF83C}"
	ProjectSection(SolutionItems) = preProject
		docker-publish.yaml = docker-publish.yaml
	EndProjectSection
EndProject
Global
	GlobalSection(SolutionConfigurationPlatforms) = preSolution
		Debug|Any CPU = Debug|Any CPU
		Release|Any CPU = Release|Any CPU
	EndGlobalSection
	GlobalSection(ProjectConfigurationPlatforms) = postSolution
		{B877D4A8-1ADF-40C0-BA97-47D22550C0A7}.Debug|Any CPU.ActiveCfg = Debug|Any CPU
		{B877D4A8-1ADF-40C0-BA97-47D22550C0A7}.Debug|Any CPU.Build.0 = Debug|Any CPU
		{B877D4A8-1ADF-40C0-BA97-47D22550C0A7}.Release|Any CPU.ActiveCfg = Release|Any CPU
		{B877D4A8-1ADF-40C0-BA97-47D22550C0A7}.Release|Any CPU.Build.0 = Release|Any CPU
		{84C44E25-7A4A-4274-AEB8-AD4BBDC03864}.Debug|Any CPU.ActiveCfg = Debug|Any CPU
		{84C44E25-7A4A-4274-AEB8-AD4BBDC03864}.Debug|Any CPU.Build.0 = Debug|Any CPU
		{84C44E25-7A4A-4274-AEB8-AD4BBDC03864}.Release|Any CPU.ActiveCfg = Release|Any CPU
		{84C44E25-7A4A-4274-AEB8-AD4BBDC03864}.Release|Any CPU.Build.0 = Release|Any CPU
		{1E3E9D12-0348-4E7D-8966-F7F1E93398A3}.Debug|Any CPU.ActiveCfg = Debug|Any CPU
		{1E3E9D12-0348-4E7D-8966-F7F1E93398A3}.Debug|Any CPU.Build.0 = Debug|Any CPU
		{1E3E9D12-0348-4E7D-8966-F7F1E93398A3}.Release|Any CPU.ActiveCfg = Release|Any CPU
		{1E3E9D12-0348-4E7D-8966-F7F1E93398A3}.Release|Any CPU.Build.0 = Release|Any CPU
		{AC8020B2-AA03-44DD-9C66-0DA1A6301635}.Debug|Any CPU.ActiveCfg = Debug|Any CPU
		{AC8020B2-AA03-44DD-9C66-0DA1A6301635}.Debug|Any CPU.Build.0 = Debug|Any CPU
		{AC8020B2-AA03-44DD-9C66-0DA1A6301635}.Release|Any CPU.ActiveCfg = Release|Any CPU
		{AC8020B2-AA03-44DD-9C66-0DA1A6301635}.Release|Any CPU.Build.0 = Release|Any CPU
	EndGlobalSection
	GlobalSection(SolutionProperties) = preSolution
		HideSolutionNode = FALSE
	EndGlobalSection
	GlobalSection(NestedProjects) = preSolution
		{B9FFB8D8-81AC-443E-8064-B02BB19EF83C} = {EB0C34D5-0A2A-455E-98C1-F660CEBDD3B0}
	EndGlobalSection
	GlobalSection(ExtensibilityGlobals) = postSolution
		SolutionGuid = {6C0B8452-F023-4B94-B8A2-6DC2693AE8F2}
	EndGlobalSection
EndGlobal
